
Microsoft Visual Studio Solution File, Format Version 12.00
# Visual Studio Version 17
VisualStudioVersion = 17.14.36915.13 d17.14
MinimumVisualStudioVersion = 10.0.40219.1
Project("{FAE04EC0-301F-11D3-BF4B-00C04F79EFBC}") = "HomeLibrary.Common", "src\HomeLibrary.Common\HomeLibrary.Common.csproj", "{2C3372F0-C231-4053-B83C-7EBA169768E3}"
EndProject
Project("{FAE04EC0-301F-11D3-BF4B-00C04F79EFBC}") = "HomeLibrary.Mvc", "src\HomeLibrary.Mvc\HomeLibrary.Mvc.csproj", "{BB4DA62F-41BC-4FDD-9411-F997EB1D8E3B}"
EndProject
Project("{FAE04EC0-301F-11D3-BF4B-00C04F79EFBC}") = "HomeLibrary.WebForms", "src\HomeLibrary.WebForms\HomeLibrary.WebForms.csproj", "{20585206-D0A7-463B-9D9B-71B17155DC5D}"
EndProject
Global
	GlobalSection(SolutionConfigurationPlatforms) = preSolution
		Debug|Any CPU = Debug|Any CPU
		Release|Any CPU = Release|Any CPU
	EndGlobalSection
	GlobalSection(ProjectConfigurationPlatforms) = postSolution
		{2C3372F0-C231-4053-B83C-7EBA169768E3}.Debug|Any CPU.ActiveCfg = Debug|Any CPU
		{2C3372F0-C231-4053-B83C-7EBA169768E3}.Debug|Any CPU.Build.0 = Debug|Any CPU
		{2C3372F0-C231-4053-B83C-7EBA169768E3}.Release|Any CPU.ActiveCfg = Release|Any CPU
		{2C3372F0-C231-4053-B83C-7EBA169768E3}.Release|Any CPU.Build.0 = Release|Any CPU
		{BB4DA62F-41BC-4FDD-9411-F997EB1D8E3B}.Debug|Any CPU.ActiveCfg = Debug|Any CPU
		{BB4DA62F-41BC-4FDD-9411-F997EB1D8E3B}.Debug|Any CPU.Build.0 = Debug|Any CPU
		{BB4DA62F-41BC-4FDD-9411-F997EB1D8E3B}.Release|Any CPU.ActiveCfg = Release|Any CPU
		{BB4DA62F-41BC-4FDD-9411-F997EB1D8E3B}.Release|Any CPU.Build.0 = Release|Any CPU
		{20585206-D0A7-463B-9D9B-71B17155DC5D}.Debug|Any CPU.ActiveCfg = Debug|Any CPU
		{20585206-D0A7-463B-9D9B-71B17155DC5D}.Debug|Any CPU.Build.0 = Debug|Any CPU
		{20585206-D0A7-463B-9D9B-71B17155DC5D}.Release|Any CPU.ActiveCfg = Release|Any CPU
		{20585206-D0A7-463B-9D9B-71B17155DC5D}.Release|Any CPU.Build.0 = Release|Any CPU
	EndGlobalSection
	GlobalSection(SolutionProperties) = preSolution
		HideSolutionNode = FALSE
	EndGlobalSection
	GlobalSection(ExtensibilityGlobals) = postSolution
		SolutionGuid = {9223D8C7-17E9-4E6A-AF95-14C6B8A0B42D}
	EndGlobalSection
EndGlobal
